lockfileVersion: '9.0'

settings:
  autoInstallPeers: true
  excludeLinksFromLockfile: false

importers:

  .:
    devDependencies:
      '@rslib/core':
        specifier: ^0.21.0
        version: 0.21.0(@emnapi/core@1.9.1)(@emnapi/runtime@1.9.1)(core-js@3.47.0)(typescript@6.0.2)
      '@rslint/core':
        specifier: ^0.4.1
        version: 0.4.1(jiti@2.6.1)
      '@rspack/core':
        specifier: 2.0.0-rc.1
        version: 2.0.0-rc.1(@emnapi/core@1.9.1)(@emnapi/runtime@1.9.1)(@swc/helpers@0.5.21)
      '@rstest/core':
        specifier: ^0.9.7
        version: 0.9.7(@emnapi/core@1.9.1)(@emnapi/runtime@1.9.1)(core-js@3.47.0)
      '@types/node':
        specifier: ^24.12.2
        version: 24.12.2
      prettier:
        specifier: ^3.8.2
        version: 3.8.2
      react-refresh:
        specifier: ^0.18.0
        version: 0.18.0
      simple-git-hooks:
        specifier: ^2.13.1
        version: 2.13.1
      typescript:
        specifier: ^6.0.2
        version: 6.0.2

  example:
    dependencies:
      react:
        specifier: ^19.2.5
        version: 19.2.5
      react-dom:
        specifier: ^19.2.5
        version: 19.2.5(react@19.2.5)
    devDependencies:
      '@rspack/cli':
        specifier: 2.0.0-rc.1
        version: 2.0.0-rc.1(@rspack/core@2.0.0-rc.1(@emnapi/core@1.9.1)(@emnapi/runtime@1.9.1)(@swc/helpers@0.5.21))(@rspack/dev-server@2.0.0-rc.2(@rspack/core@2.0.0-rc.1(@emnapi/core@1.9.1)(@emnapi/runtime@1.9.1)(@swc/helpers@0.5.21)))
      '@rspack/core':
        specifier: 2.0.0-rc.1
        version: 2.0.0-rc.1(@emnapi/core@1.9.1)(@emnapi/runtime@1.9.1)(@swc/helpers@0.5.21)
      '@rspack/dev-server':
        specifier: 2.0.0-rc.2
        version: 2.0.0-rc.2(@rspack/core@2.0.0-rc.1(@emnapi/core@1.9.1)(@emnapi/runtime@1.9.1)(@swc/helpers@0.5.21))
      '@rspack/plugin-react-refresh':
        specifier: workspace:*
        version: link:..
      '@types/react':
        specifier: ^19.2.14
        version: 19.2.14
      '@types/react-dom':
        specifier: ^19.2.3
        version: 19.2.3(@types/react@19.2.14)
      react-refresh:
        specifier: ^0.18.0
        version: 0.18.0
      typescript:
        specifier: ^6.0.2
        version: 6.0.2

packages:

  '@ast-grep/napi-darwin-arm64@0.37.0':
    resolution: {integrity: sha512-QAiIiaAbLvMEg/yBbyKn+p1gX2/FuaC0SMf7D7capm/oG4xGMzdeaQIcSosF4TCxxV+hIH4Bz9e4/u7w6Bnk3Q==}
    engines: {node: '>= 10'}
    cpu: [arm64]
    os: [darwin]

  '@ast-grep/napi-darwin-x64@0.37.0':
    resolution: {integrity: sha512-zvcvdgekd4ySV3zUbUp8HF5nk5zqwiMXTuVzTUdl/w08O7JjM6XPOIVT+d2o/MqwM9rsXdzdergY5oY2RdhSPA==}
    engines: {node: '>= 10'}
    cpu: [x64]
    os: [darwin]

  '@ast-grep/napi-linux-arm64-gnu@0.37.0':
    resolution: {integrity: sha512-L7Sj0lXy8X+BqSMgr1LB8cCoWk0rericdeu+dC8/c8zpsav5Oo2IQKY1PmiZ7H8IHoFBbURLf8iklY9wsD+cyA==}
    engines: {node: '>= 10'}
    cpu: [arm64]
    os: [linux]
    libc: [glibc]

  '@ast-grep/napi-linux-arm64-musl@0.37.0':
    resolution: {integrity: sha512-LF9sAvYy6es/OdyJDO3RwkX3I82Vkfsng1sqUBcoWC1jVb1wX5YVzHtpQox9JrEhGl+bNp7FYxB4Qba9OdA5GA==}
    engines: {node: '>= 10'}
    cpu: [arm64]
    os: [linux]
    libc: [musl]

  '@ast-grep/napi-linux-x64-gnu@0.37.0':
    resolution: {integrity: sha512-TViz5/klqre6aSmJzswEIjApnGjJzstG/SE8VDWsrftMBMYt2PTu3MeluZVwzSqDao8doT/P+6U11dU05UOgxw==}
    engines: {node: '>= 10'}
    cpu: [x64]
    os: [linux]
    libc: [glibc]

  '@ast-grep/napi-linux-x64-musl@0.37.0':
    resolution: {integrity: sha512-/BcCH33S9E3ovOAEoxYngUNXgb+JLg991sdyiNP2bSoYd30a9RHrG7CYwW6fMgua3ijQ474eV6cq9yZO1bCpXg==}
    engines: {node: '>= 10'}
    cpu: [x64]
    os: [linux]
    libc: [musl]

  '@ast-grep/napi-win32-arm64-msvc@0.37.0':
    resolution: {integrity: sha512-TjQA4cFoIEW2bgjLkaL9yqT4XWuuLa5MCNd0VCDhGRDMNQ9+rhwi9eLOWRaap3xzT7g+nlbcEHL3AkVCD2+b3A==}
    engines: {node: '>= 10'}
    cpu: [arm64]
    os: [win32]

  '@ast-grep/napi-win32-ia32-msvc@0.37.0':
    resolution: {integrity: sha512-uNmVka8fJCdYsyOlF9aZqQMLTatEYBynjChVTzUfFMDfmZ0bihs/YTqJVbkSm8TZM7CUX82apvn50z/dX5iWRA==}
    engines: {node: '>= 10'}
    cpu: [ia32]
    os: [win32]

  '@ast-grep/napi-win32-x64-msvc@0.37.0':
    resolution: {integrity: sha512-vCiFOT3hSCQuHHfZ933GAwnPzmL0G04JxQEsBRfqONywyT8bSdDc/ECpAfr3S9VcS4JZ9/F6tkePKW/Om2Dq2g==}
    engines: {node: '>= 10'}
    cpu: [x64]
    os: [win32]

  '@ast-grep/napi@0.37.0':
    resolution: {integrity: sha512-Hb4o6h1Pf6yRUAX07DR4JVY7dmQw+RVQMW5/m55GoiAT/VRoKCWBtIUPPOnqDVhbx1Cjfil9b6EDrgJsUAujEQ==}
    engines: {node: '>= 10'}

  '@emnapi/core@1.9.1':
    resolution: {integrity: sha512-mukuNALVsoix/w1BJwFzwXBN/dHeejQtuVzcDsfOEsdpCumXb/E9j8w11h5S54tT1xhifGfbbSm/ICrObRb3KA==}

  '@emnapi/runtime@1.9.1':
    resolution: {integrity: sha512-VYi5+ZVLhpgK4hQ0TAjiQiZ6ol0oe4mBx7mVv7IflsiEp0OWoVsp/+f9Vc1hOhE0TtkORVrI1GvzyreqpgWtkA==}

  '@emnapi/wasi-threads@1.2.0':
    resolution: {integrity: sha512-N10dEJNSsUx41Z6pZsXU8FjPjpBEplgH24sfkmITrBED1/U2Esum9F3lfLrMjKHHjmi557zQn7kR9R+XWXu5Rg==}

  '@napi-rs/wasm-runtime@1.1.2':
    resolution: {integrity: sha512-sNXv5oLJ7ob93xkZ1XnxisYhGYXfaG9f65/ZgYuAu3qt7b3NadcOEhLvx28hv31PgX8SZJRYrAIPQilQmFpLVw==}
    peerDependencies:
      '@emnapi/core': ^1.7.1
      '@emnapi/runtime': ^1.7.1

  '@rsbuild/core@2.0.0-rc.1':
    resolution: {integrity: sha512-eqxtRlQiFSm/ibCNGiPj8ozsGSNK91NY+GksmPuTCPmWQExGtPqM1V+s13UYeWZS6fYbMRs7NlQKD896e0QkKA==}
    engines: {node: ^20.19.0 || >=22.12.0}
    hasBin: true
    peerDependencies:
      core-js: '>= 3.0.0'
    peerDependenciesMeta:
      core-js:
        optional: true

  '@rslib/core@0.21.0':
    resolution: {integrity: sha512-cYNztIR9fiSV2GFb81aqfXMXYhGg2XN1fAEvNbhOVX1jqW6Xig6/LTW1sq6HNXT06Ai2sUAcx6y87nZtxOYxfg==}
    engines: {node: ^20.19.0 || >=22.12.0}
    hasBin: true
    peerDependencies:
      '@microsoft/api-extractor': ^7
      typescript: ^5 || ^6
    peerDependenciesMeta:
      '@microsoft/api-extractor':
        optional: true
      typescript:
        optional: true

  '@rslint/core@0.4.1':
    resolution: {integrity: sha512-EaW6A6uvk9vDM3fV926gFUApowhmX6VrmJeHu+ENtnzBBW/nnJGs29tCNd2GKF8g7mbICnD4x9OMYS/UkgF/Ow==}
    hasBin: true
    peerDependencies:
      jiti: ^2.0.0
    peerDependenciesMeta:
      jiti:
        optional: true

  '@rslint/darwin-arm64@0.4.1':
    resolution: {integrity: sha512-iUsS/W/ihy9iXC1IqT0MfZfLVK2Iykm4BkbDiMVgDGwCKP5vjQBZfc5eV/e2EOGF60SZbIu2LeD6QSyjOYeU9g==}
    cpu: [arm64]
    os: [darwin]

  '@rslint/darwin-x64@0.4.1':
    resolution: {integrity: sha512-LKlBGS8eYjTDIdXNQSH7euYgbZxvaJR9LgZVP/+O33ky8hG0BDW1jbQ1oFm8DyQIARgIB01UOe9Lmdb88Z0LQA==}
    cpu: [x64]
    os: [darwin]

  '@rslint/linux-arm64@0.4.1':
    resolution: {integrity: sha512-uJuy03rRGudGXgXLyvDmX5cLlXTO2It3NzA3G95rdXY52vyIRNrb1Z63yYw7+6MqycJnsnz8LKoDjgfWWqlDsQ==}
    cpu: [arm64]
    os: [linux]

  '@rslint/linux-x64@0.4.1':
    resolution: {integrity: sha512-0VGYCgj82kZ8xJu5ximVO3u1fiA2zAzGRbhwFgjoThyIGiKFaIZhqc7wfEt/z1/aHlWRdIG1c+fWqlomh3U66w==}
    cpu: [x64]
    os: [linux]

  '@rslint/win32-arm64@0.4.1':
    resolution: {integrity: sha512-BztIuv8PAWOGKtTu4T+idy7DMebTlLzdYtND+qt4ba4sIxgz0jEQujmK+zn3rNmu6lLhdVECPZQ6/z6hpIF5yw==}
    cpu: [arm64]
    os: [win32]

  '@rslint/win32-x64@0.4.1':
    resolution: {integrity: sha512-a3KKGyVxf7lL4VE2v5MogQ29yocrA/24lUsEok2ZKXcdZMf/XRZV5BgXTIGNymnGo9H69QhR+aC1iNHU1Sal8w==}
    cpu: [x64]
    os: [win32]

  '@rspack/binding-darwin-arm64@2.0.0-rc.1':
    resolution: {integrity: sha512-fYbeDDDg6QKZzXYt/J0/j0Qhr01wQLuISUsYnNhu5MLwdXVUSVcqz+CTqgF3d0EQVVn6FqLV63lbNRzUGfSq9g==}
    cpu: [arm64]
    os: [darwin]

  '@rspack/binding-darwin-x64@2.0.0-rc.1':
    resolution: {integrity: sha512-MvXi9kr8xXn1y0PD1WI/4YphRNOdbykJjKdEsAG4JxEVoERmhIHOTwKvUqlejajizAwlVZcxQl/FacoPLsKN5Q==}
    cpu: [x64]
    os: [darwin]

  '@rspack/binding-linux-arm64-gnu@2.0.0-rc.1':
    resolution: {integrity: sha512-j6WsHEwGSdUoiy4BsQBW0RjFl+MBzozdybSYhkiyVSoHlbm7CPt3XaaS3elH5YcwuLHORmVHPP91QhwWl9UFJg==}
    cpu: [arm64]
    os: [linux]
    libc: [glibc]

  '@rspack/binding-linux-arm64-musl@2.0.0-rc.1':
    resolution: {integrity: sha512-MPoZE0aS8oH+Wr0R5tIYch8gbUwYYf4LsiGdP6enMKMTrmpJyOVGlhPHVSwsrFgBg7fjTGOuxHuibtsvDUdLOQ==}
    cpu: [arm64]
    os: [linux]
    libc: [musl]

  '@rspack/binding-linux-x64-gnu@2.0.0-rc.1':
    resolution: {integrity: sha512-gOlPCwtIg9GsFG/8ZdUyV5SyXDaGq2kmtXmyyFU7RO33MaalltNEBMf2hevRPj9z39eSzxwgJDonMOdx5Fo0Og==}
    cpu: [x64]
    os: [linux]
    libc: [glibc]

  '@rspack/binding-linux-x64-musl@2.0.0-rc.1':
    resolution: {integrity: sha512-K6Swk1rfP4z4b6bp84NlikGlUWMOPpIWCtlPr/W0TWgc2C/cd844oHdoIu7WtmOH7y9AwB5UG2bWpgFAVwykCw==}
    cpu: [x64]
    os: [linux]
    libc: [musl]

  '@rspack/binding-wasm32-wasi@2.0.0-rc.1':
    resolution: {integrity: sha512-aa9oUTqOb1QjwsHVlMr5sV+7mcBI4MLQ/xhFO2CIEcfVnJIPl8XpKUbDEgqMwcFlzcgzKmHg5cVmIvd82BLgow==}
    cpu: [wasm32]

  '@rspack/binding-win32-arm64-msvc@2.0.0-rc.1':
    resolution: {integrity: sha512-+UxF0c7E9bE3siFbMHi+mmoeQJzcTKl1j3x+Y6MY/PJ3V70cU23wOaxMvmSsCyq2JNJBT2RCNZ9HaL+o3kReug==}
    cpu: [arm64]
    os: [win32]

  '@rspack/binding-win32-ia32-msvc@2.0.0-rc.1':
    resolution: {integrity: sha512-gc0JdkdxSWo+o/b1qTCT6mZ3DrlGe32eW+Ps3xInxcG4UHjUG7hTDgFtOgVQ6VhQ8WMUXG+TQOz0CySVpYjsoQ==}
    cpu: [ia32]
    os: [win32]

  '@rspack/binding-win32-x64-msvc@2.0.0-rc.1':
    resolution: {integrity: sha512-Dnj0jthyVUikf65MGEyZy3akshtSmR1xsp/Xr0h/NWTo5JFWHKAFNYFE+jFfY0uzC8e4IDcLQLYoFomqV1DsEg==}
    cpu: [x64]
    os: [win32]

  '@rspack/binding@2.0.0-rc.1':
    resolution: {integrity: sha512-rhJqtbyiRPOjTAZW0xTZFbOrS5yP5yL1SF0DPE9kvFfzePz30IqjMDMxL0KuhkDZd/M1eUINJyoqd8NTbR9wHw==}

  '@rspack/cli@2.0.0-rc.1':
    resolution: {integrity: sha512-jTRNEv71J+2Q76P0JRMrSQx/PRRY2Mvepvp79kgYX/c24BrlXno5WIHzzIj3wGqL8aJ/IlxBG4qFXJlV8q/UDw==}
    hasBin: true
    peerDependencies:
      '@rspack/core': ^2.0.0-0
      '@rspack/dev-server': ^2.0.0-0
    peerDependenciesMeta:
      '@rspack/dev-server':
        optional: true

  '@rspack/core@2.0.0-rc.1':
    resolution: {integrity: sha512-OIfkYn05/IWtVIdZ8Y/a0y/k4ipzqfApxIZqnJM59G/bGwQKMBrLHpOMGgV2Wmq1j9UMXzF7ZtsFMUbYBhFb9A==}
    engines: {node: ^20.19.0 || >=22.12.0}
    peerDependencies:
      '@module-federation/runtime-tools': ^0.24.1 || ^2.0.0
      '@swc/helpers': '>=0.5.1'
    peerDependenciesMeta:
      '@module-federation/runtime-tools':
        optional: true
      '@swc/helpers':
        optional: true

  '@rspack/dev-middleware@2.0.0':
    resolution: {integrity: sha512-XYyUgvdNV6Fiom6fYNibvLtg9EbqMvgdpnx2CaO4RacDe0yEIYJgAFAdKjWoqKH+3GhPTRI1xqjtR2XlssBThw==}
    engines: {node: ^20.19.0 || >=22.12.0}
    peerDependencies:
      '@rspack/core': ^2.0.0-0
    peerDependenciesMeta:
      '@rspack/core':
        optional: true

  '@rspack/dev-server@2.0.0-rc.2':
    resolution: {integrity: sha512-yWslIsQXzkuuYcGSJOqZtievhcP2Ku+ZFJXs1ZHQcpKCBpeRwp+rBUldTS0WId88U8/1+dMiBCk8LJG2H5a73A==}
    engines: {node: ^20.19.0 || >=22.12.0}
    peerDependencies:
      '@rspack/core': ^2.0.0-0
      selfsigned: ^5.0.0
    peerDependenciesMeta:
      selfsigned:
        optional: true

  '@rstest/core@0.9.7':
    resolution: {integrity: sha512-y5ARfOucx+9GaK2gL3Eeu1MyJzkS2/OuJH6bURYMPY2cbkOqoobmZvuJF0mdTve+wHGyv+5wvGUMslEeLIO0Zw==}
    engines: {node: ^20.19.0 || >=22.12.0}
    hasBin: true
    peerDependencies:
      happy-dom: ^20.8.3
      jsdom: '*'
    peerDependenciesMeta:
      happy-dom:
        optional: true
      jsdom:
        optional: true

  '@swc/helpers@0.5.21':
    resolution: {integrity: sha512-jI/VAmtdjB/RnI8GTnokyX7Ug8c+g+ffD6QRLa6XQewtnGyukKkKSk3wLTM3b5cjt1jNh9x0jfVlagdN2gDKQg==}

  '@tybys/wasm-util@0.10.1':
    resolution: {integrity: sha512-9tTaPJLSiejZKx+Bmog4uSubteqTvFrVrURwkmHixBo0G4seD0zUxp98E1DzUBJxLQ3NPwXrGKDiVjwx/DpPsg==}

  '@types/chai@5.2.3':
    resolution: {integrity: sha512-Mw558oeA9fFbv65/y4mHtXDs9bPnFMZAL/jxdPFUpOHHIXX91mcgEHbS5Lahr+pwZFR8A7GQleRWeI6cGFC2UA==}

  '@types/deep-eql@4.0.2':
    resolution: {integrity: sha512-c9h9dVVMigMPc4bwTvC5dxqtqJZwQPePsWjPlpSOnojbor6pGqdk541lfA7AqFQr5pB1BRdq0juY9db81BwyFw==}

  '@types/node@24.12.2':
    resolution: {integrity: sha512-A1sre26ke7HDIuY/M23nd9gfB+nrmhtYyMINbjI1zHJxYteKR6qSMX56FsmjMcDb3SMcjJg5BiRRgOCC/yBD0g==}

  '@types/react-dom@19.2.3':
    resolution: {integrity: sha512-jp2L/eY6fn+KgVVQAOqYItbF0VY/YApe5Mz2F0aykSO8gx31bYCZyvSeYxCHKvzHG5eZjc+zyaS5BrBWya2+kQ==}
    peerDependencies:
      '@types/react': ^19.2.0

  '@types/react@19.2.14':
    resolution: {integrity: sha512-ilcTH/UniCkMdtexkoCN0bI7pMcJDvmQFPvuPvmEaYA/NSfFTAgdUSLAoVjaRJm7+6PvcM+q1zYOwS4wTYMF9w==}

  assertion-error@2.0.1:
    resolution: {integrity: sha512-Izi8RQcffqCeNVgFigKli1ssklIbpHnCYc6AknXGYoB6grJqyeby7jv12JUQgmTAnIDnbck1uxksT4dzN3PWBA==}
    engines: {node: '>=12'}

  core-js@3.47.0:
    resolution: {integrity: sha512-c3Q2VVkGAUyupsjRnaNX6u8Dq2vAdzm9iuPj5FW0fRxzlxgq9Q39MDq10IvmQSpLgHQNyQzQmOo6bgGHmH3NNg==}

  csstype@3.2.3:
    resolution: {integrity: sha512-z1HGKcYy2xA8AGQfwrn0PAy+PB7X/GSj3UVJW9qKyn43xWa+gl5nXmU4qqLMRzWVLFC8KusUX8T/0kCiOYpAIQ==}

  jiti@2.6.1:
    resolution: {integrity: sha512-ekilCSN1jwRvIbgeg/57YFh8qQDNbwDb9xT/qu2DAHbFFZUicIl4ygVaAvzveMhMVr3LnpSKTNnwt8PoOfmKhQ==}
    hasBin: true

  picomatch@4.0.4:
    resolution: {integrity: sha512-QP88BAKvMam/3NxH6vj2o21R6MjxZUAd6nlwAS/pnGvN9IVLocLHxGYIzFhg6fUQ+5th6P4dv4eW9jX3DSIj7A==}
    engines: {node: '>=12'}

  prettier@3.8.2:
    resolution: {integrity: sha512-8c3mgTe0ASwWAJK+78dpviD+A8EqhndQPUBpNUIPt6+xWlIigCwfN01lWr9MAede4uqXGTEKeQWTvzb3vjia0Q==}
    engines: {node: '>=14'}
    hasBin: true

  react-dom@19.2.5:
    resolution: {integrity: sha512-J5bAZz+DXMMwW/wV3xzKke59Af6CHY7G4uYLN1OvBcKEsWOs4pQExj86BBKamxl/Ik5bx9whOrvBlSDfWzgSag==}
    peerDependencies:
      react: ^19.2.5

  react-refresh@0.18.0:
    resolution: {integrity: sha512-QgT5//D3jfjJb6Gsjxv0Slpj23ip+HtOpnNgnb2S5zU3CB26G/IDPGoy4RJB42wzFE46DRsstbW6tKHoKbhAxw==}
    engines: {node: '>=0.10.0'}

  react@19.2.5:
    resolution: {integrity: sha512-llUJLzz1zTUBrskt2pwZgLq59AemifIftw4aB7JxOqf1HY2FDaGDxgwpAPVzHU1kdWabH7FauP4i1oEeer2WCA==}
    engines: {node: '>=0.10.0'}

  rsbuild-plugin-dts@0.21.0:
    resolution: {integrity: sha512-bnn0pTVEAUfW3vcXYuo6US9QAO2SqQT7wjBBUer4ZtQAbberPF8soBQZWicPVC1t8mZZeVzg/PR0DHqKE7Hthw==}
    engines: {node: ^20.19.0 || >=22.12.0}
    peerDependencies:
      '@microsoft/api-extractor': ^7
      '@rsbuild/core': ^1.0.0 || ^2.0.0-0
      '@typescript/native-preview': 7.x
      typescript: ^5 || ^6
    peerDependenciesMeta:
      '@microsoft/api-extractor':
        optional: true
      '@typescript/native-preview':
        optional: true
      typescript:
        optional: true

  scheduler@0.27.0:
    resolution: {integrity: sha512-eNv+WrVbKu1f3vbYJT/xtiF5syA5HPIMtf9IgY/nKg0sWqzAUEvqY/xm7OcZc/qafLx/iO9FgOmeSAp4v5ti/Q==}

  simple-git-hooks@2.13.1:
    resolution: {integrity: sha512-WszCLXwT4h2k1ufIXAgsbiTOazqqevFCIncOuUBZJ91DdvWcC5+OFkluWRQPrcuSYd8fjq+o2y1QfWqYMoAToQ==}
    hasBin: true

  tinypool@2.1.0:
    resolution: {integrity: sha512-Pugqs6M0m7Lv1I7FtxN4aoyToKg1C4tu+/381vH35y8oENM/Ai7f7C4StcoK4/+BSw9ebcS8jRiVrORFKCALLw==}
    engines: {node: ^20.0.0 || >=22.0.0}

  tslib@2.8.1:
    resolution: {integrity: sha512-oJFu94HQb+KVduSUQL7wnpmqnfmLsOA/nAh6b6EH0wCEoK0/mPeXU6c3wKDV83MkOuHPRHtSXKKU99IBazS/2w==}

  typescript@6.0.2:
    resolution: {integrity: sha512-bGdAIrZ0wiGDo5l8c++HWtbaNCWTS4UTv7RaTH/ThVIgjkveJt83m74bBHMJkuCbslY8ixgLBVZJIOiQlQTjfQ==}
    engines: {node: '>=14.17'}
    hasBin: true

  undici-types@7.16.0:
    resolution: {integrity: sha512-Zz+aZWSj8LE6zoxD+xrjh4VfkIG8Ya6LvYkZqtUQGJPZjYl53ypCaUwWqo7eI0x66KBGeRo+mlBEkMSeSZ38Nw==}

snapshots:

  '@ast-grep/napi-darwin-arm64@0.37.0':
    optional: true

  '@ast-grep/napi-darwin-x64@0.37.0':
    optional: true

  '@ast-grep/napi-linux-arm64-gnu@0.37.0':
    optional: true

  '@ast-grep/napi-linux-arm64-musl@0.37.0':
    optional: true

  '@ast-grep/napi-linux-x64-gnu@0.37.0':
    optional: true

  '@ast-grep/napi-linux-x64-musl@0.37.0':
    optional: true

  '@ast-grep/napi-win32-arm64-msvc@0.37.0':
    optional: true

  '@ast-grep/napi-win32-ia32-msvc@0.37.0':
    optional: true

  '@ast-grep/napi-win32-x64-msvc@0.37.0':
    optional: true

  '@ast-grep/napi@0.37.0':
    optionalDependencies:
      '@ast-grep/napi-darwin-arm64': 0.37.0
      '@ast-grep/napi-darwin-x64': 0.37.0
      '@ast-grep/napi-linux-arm64-gnu': 0.37.0
      '@ast-grep/napi-linux-arm64-musl': 0.37.0
      '@ast-grep/napi-linux-x64-gnu': 0.37.0
      '@ast-grep/napi-linux-x64-musl': 0.37.0
      '@ast-grep/napi-win32-arm64-msvc': 0.37.0
      '@ast-grep/napi-win32-ia32-msvc': 0.37.0
      '@ast-grep/napi-win32-x64-msvc': 0.37.0

  '@emnapi/core@1.9.1':
    dependencies:
      '@emnapi/wasi-threads': 1.2.0
      tslib: 2.8.1
    optional: true

  '@emnapi/runtime@1.9.1':
    dependencies:
      tslib: 2.8.1
    optional: true

  '@emnapi/wasi-threads@1.2.0':
    dependencies:
      tslib: 2.8.1
    optional: true

  '@napi-rs/wasm-runtime@1.1.2(@emnapi/core@1.9.1)(@emnapi/runtime@1.9.1)':
    dependencies:
      '@emnapi/core': 1.9.1
      '@emnapi/runtime': 1.9.1
      '@tybys/wasm-util': 0.10.1
    optional: true

  '@rsbuild/core@2.0.0-rc.1(@emnapi/core@1.9.1)(@emnapi/runtime@1.9.1)(core-js@3.47.0)':
    dependencies:
      '@rspack/core': 2.0.0-rc.1(@emnapi/core@1.9.1)(@emnapi/runtime@1.9.1)(@swc/helpers@0.5.21)
      '@swc/helpers': 0.5.21
    optionalDependencies:
      core-js: 3.47.0
    transitivePeerDependencies:
      - '@emnapi/core'
      - '@emnapi/runtime'
      - '@module-federation/runtime-tools'

  '@rslib/core@0.21.0(@emnapi/core@1.9.1)(@emnapi/runtime@1.9.1)(core-js@3.47.0)(typescript@6.0.2)':
    dependencies:
      '@rsbuild/core': 2.0.0-rc.1(@emnapi/core@1.9.1)(@emnapi/runtime@1.9.1)(core-js@3.47.0)
      rsbuild-plugin-dts: 0.21.0(@rsbuild/core@2.0.0-rc.1(@emnapi/core@1.9.1)(@emnapi/runtime@1.9.1)(core-js@3.47.0))(typescript@6.0.2)
    optionalDependencies:
      typescript: 6.0.2
    transitivePeerDependencies:
      - '@emnapi/core'
      - '@emnapi/runtime'
      - '@module-federation/runtime-tools'
      - '@typescript/native-preview'
      - core-js

  '@rslint/core@0.4.1(jiti@2.6.1)':
    dependencies:
      picomatch: 4.0.4
    optionalDependencies:
      '@rslint/darwin-arm64': 0.4.1
      '@rslint/darwin-x64': 0.4.1
      '@rslint/linux-arm64': 0.4.1
      '@rslint/linux-x64': 0.4.1
      '@rslint/win32-arm64': 0.4.1
      '@rslint/win32-x64': 0.4.1
      jiti: 2.6.1

  '@rslint/darwin-arm64@0.4.1':
    optional: true

  '@rslint/darwin-x64@0.4.1':
    optional: true

  '@rslint/linux-arm64@0.4.1':
    optional: true

  '@rslint/linux-x64@0.4.1':
    optional: true

  '@rslint/win32-arm64@0.4.1':
    optional: true

  '@rslint/win32-x64@0.4.1':
    optional: true

  '@rspack/binding-darwin-arm64@2.0.0-rc.1':
    optional: true

  '@rspack/binding-darwin-x64@2.0.0-rc.1':
    optional: true

  '@rspack/binding-linux-arm64-gnu@2.0.0-rc.1':
    optional: true

  '@rspack/binding-linux-arm64-musl@2.0.0-rc.1':
    optional: true

  '@rspack/binding-linux-x64-gnu@2.0.0-rc.1':
    optional: true

  '@rspack/binding-linux-x64-musl@2.0.0-rc.1':
    optional: true

  '@rspack/binding-wasm32-wasi@2.0.0-rc.1(@emnapi/core@1.9.1)(@emnapi/runtime@1.9.1)':
    dependencies:
      '@napi-rs/wasm-runtime': 1.1.2(@emnapi/core@1.9.1)(@emnapi/runtime@1.9.1)
    transitivePeerDependencies:
      - '@emnapi/core'
      - '@emnapi/runtime'
    optional: true

  '@rspack/binding-win32-arm64-msvc@2.0.0-rc.1':
    optional: true

  '@rspack/binding-win32-ia32-msvc@2.0.0-rc.1':
    optional: true

  '@rspack/binding-win32-x64-msvc@2.0.0-rc.1':
    optional: true

  '@rspack/binding@2.0.0-rc.1(@emnapi/core@1.9.1)(@emnapi/runtime@1.9.1)':
    optionalDependencies:
      '@rspack/binding-darwin-arm64': 2.0.0-rc.1
      '@rspack/binding-darwin-x64': 2.0.0-rc.1
      '@rspack/binding-linux-arm64-gnu': 2.0.0-rc.1
      '@rspack/binding-linux-arm64-musl': 2.0.0-rc.1
      '@rspack/binding-linux-x64-gnu': 2.0.0-rc.1
      '@rspack/binding-linux-x64-musl': 2.0.0-rc.1
      '@rspack/binding-wasm32-wasi': 2.0.0-rc.1(@emnapi/core@1.9.1)(@emnapi/runtime@1.9.1)
      '@rspack/binding-win32-arm64-msvc': 2.0.0-rc.1
      '@rspack/binding-win32-ia32-msvc': 2.0.0-rc.1
      '@rspack/binding-win32-x64-msvc': 2.0.0-rc.1
    transitivePeerDependencies:
      - '@emnapi/core'
      - '@emnapi/runtime'

  '@rspack/cli@2.0.0-rc.1(@rspack/core@2.0.0-rc.1(@emnapi/core@1.9.1)(@emnapi/runtime@1.9.1)(@swc/helpers@0.5.21))(@rspack/dev-server@2.0.0-rc.2(@rspack/core@2.0.0-rc.1(@emnapi/core@1.9.1)(@emnapi/runtime@1.9.1)(@swc/helpers@0.5.21)))':
    dependencies:
      '@rspack/core': 2.0.0-rc.1(@emnapi/core@1.9.1)(@emnapi/runtime@1.9.1)(@swc/helpers@0.5.21)
    optionalDependencies:
      '@rspack/dev-server': 2.0.0-rc.2(@rspack/core@2.0.0-rc.1(@emnapi/core@1.9.1)(@emnapi/runtime@1.9.1)(@swc/helpers@0.5.21))

  '@rspack/core@2.0.0-rc.1(@emnapi/core@1.9.1)(@emnapi/runtime@1.9.1)(@swc/helpers@0.5.21)':
    dependencies:
      '@rspack/binding': 2.0.0-rc.1(@emnapi/core@1.9.1)(@emnapi/runtime@1.9.1)
    optionalDependencies:
      '@swc/helpers': 0.5.21
    transitivePeerDependencies:
      - '@emnapi/core'
      - '@emnapi/runtime'

  '@rspack/dev-middleware@2.0.0(@rspack/core@2.0.0-rc.1(@emnapi/core@1.9.1)(@emnapi/runtime@1.9.1)(@swc/helpers@0.5.21))':
    optionalDependencies:
      '@rspack/core': 2.0.0-rc.1(@emnapi/core@1.9.1)(@emnapi/runtime@1.9.1)(@swc/helpers@0.5.21)

  '@rspack/dev-server@2.0.0-rc.2(@rspack/core@2.0.0-rc.1(@emnapi/core@1.9.1)(@emnapi/runtime@1.9.1)(@swc/helpers@0.5.21))':
    dependencies:
      '@rspack/core': 2.0.0-rc.1(@emnapi/core@1.9.1)(@emnapi/runtime@1.9.1)(@swc/helpers@0.5.21)
      '@rspack/dev-middleware': 2.0.0(@rspack/core@2.0.0-rc.1(@emnapi/core@1.9.1)(@emnapi/runtime@1.9.1)(@swc/helpers@0.5.21))

  '@rstest/core@0.9.7(@emnapi/core@1.9.1)(@emnapi/runtime@1.9.1)(core-js@3.47.0)':
    dependencies:
      '@rsbuild/core': 2.0.0-rc.1(@emnapi/core@1.9.1)(@emnapi/runtime@1.9.1)(core-js@3.47.0)
      '@types/chai': 5.2.3
      tinypool: 2.1.0
    transitivePeerDependencies:
      - '@emnapi/core'
      - '@emnapi/runtime'
      - '@module-federation/runtime-tools'
      - core-js

  '@swc/helpers@0.5.21':
    dependencies:
      tslib: 2.8.1

  '@tybys/wasm-util@0.10.1':
    dependencies:
      tslib: 2.8.1
    optional: true

  '@types/chai@5.2.3':
    dependencies:
      '@types/deep-eql': 4.0.2
      assertion-error: 2.0.1

  '@types/deep-eql@4.0.2': {}

  '@types/node@24.12.2':
    dependencies:
      undici-types: 7.16.0

  '@types/react-dom@19.2.3(@types/react@19.2.14)':
    dependencies:
      '@types/react': 19.2.14

  '@types/react@19.2.14':
    dependencies:
      csstype: 3.2.3

  assertion-error@2.0.1: {}

  core-js@3.47.0:
    optional: true

  csstype@3.2.3: {}

  jiti@2.6.1:
    optional: true

  picomatch@4.0.4: {}

  prettier@3.8.2: {}

  react-dom@19.2.5(react@19.2.5):
    dependencies:
      react: 19.2.5
      scheduler: 0.27.0

  react-refresh@0.18.0: {}

  react@19.2.5: {}

  rsbuild-plugin-dts@0.21.0(@rsbuild/core@2.0.0-rc.1(@emnapi/core@1.9.1)(@emnapi/runtime@1.9.1)(core-js@3.47.0))(typescript@6.0.2):
    dependencies:
      '@ast-grep/napi': 0.37.0
      '@rsbuild/core': 2.0.0-rc.1(@emnapi/core@1.9.1)(@emnapi/runtime@1.9.1)(core-js@3.47.0)
    optionalDependencies:
      typescript: 6.0.2

  scheduler@0.27.0: {}

  simple-git-hooks@2.13.1: {}

  tinypool@2.1.0: {}

  tslib@2.8.1: {}

  typescript@6.0.2: {}

  undici-types@7.16.0: {}
